<?xml version="1.0" encoding="utf-8"?>
<Project ToolsVersion="4.0" xmlns="http://schemas.microsoft.com/developer/msbuild/2003">
  <ItemGroup>
    <Filter Include="ソース ファイル">
      <UniqueIdentifier>{4FC737F1-C7A5-4376-A066-2A32D752A2FF}</UniqueIdentifier>
      <Extensions>cpp;c;cc;cxx;c++;cppm;ixx;def;odl;idl;hpj;bat;asm;asmx</Extensions>
    </Filter>
    <Filter Include="ヘッダー ファイル">
      <UniqueIdentifier>{93995380-89BD-4b04-88EB-625FBE52EBFB}</UniqueIdentifier>
      <Extensions>h;hh;hpp;hxx;h++;hm;inl;inc;ipp;xsd</Extensions>
    </Filter>
    <Filter Include="リソース ファイル">
      <UniqueIdentifier>{67DA6AB6-F800-4c08-8B7A-83BB121AAD01}</UniqueIdentifier>
      <Extensions>rc;ico;cur;bmp;dlg;rc2;rct;bin;rgs;gif;jpg;jpeg;jpe;resx;tiff;tif;png;wav;mfcribbon-ms</Extensions>
    </Filter>
    <Filter Include="ソース ファイル\SCENE">
      <UniqueIdentifier>{68e98b6f-6c78-43e9-ad87-3d0ca0382904}</UniqueIdentifier>
    </Filter>
    <Filter Include="ソース ファイル\CLEAR">
      <UniqueIdentifier>{4811dfc2-8717-49a2-bf74-8d7074f25f6d}</UniqueIdentifier>
    </Filter>
    <Filter Include="ソース ファイル\GAMEOVER">
      <UniqueIdentifier>{267eb5ce-15df-46ed-8a1e-4ba4bc9518d6}</UniqueIdentifier>
    </Filter>
  </ItemGroup>
  <ItemGroup>
    <ClCompile Include="Src\Main.cpp">
      <Filter>ソース ファイル</Filter>
    </ClCompile>
    <ClCompile Include="Src\Scene\SceneTitle.cpp">
      <Filter>ソース ファイル</Filter>
    </ClCompile>
    <ClCompile Include="Src\Scene\ScenePlay.cpp">
      <Filter>ソース ファイル\SCENE</Filter>
    </ClCompile>
    <ClCompile Include="Src\Scene\SceneClear.cpp">
      <Filter>ソース ファイル\CLEAR</Filter>
    </ClCompile>
    <ClCompile Include="Src\Scene\SceneGameOver.cpp">
      <Filter>ソース ファイル\GAMEOVER</Filter>
    </ClCompile>
    <ClCompile Include="Src\Input\Input.cpp">
      <Filter>ソース ファイル</Filter>
    </ClCompile>
  </ItemGroup>
  <ItemGroup>
    <ClInclude Include="Src\Scene\SceneTitle.h">
      <Filter>ヘッダー ファイル</Filter>
    </ClInclude>
    <ClInclude Include="Src\Scene\Scene.h">
      <Filter>ソース ファイル\SCENE</Filter>
    </ClInclude>
    <ClInclude Include="Src\Scene\ScenePlay.h">
      <Filter>ソース ファイル\SCENE</Filter>
    </ClInclude>
    <ClInclude Include="Src\Scene\SceneClear.h">
      <Filter>ソース ファイル\CLEAR</Filter>
    </ClInclude>
    <ClInclude Include="Src\Scene\SceneGameOver.h">
      <Filter>ソース ファイル\GAMEOVER</Filter>
    </ClInclude>
    <ClInclude Include="Src\Input\Input.h">
      <Filter>ヘッダー ファイル</Filter>
    </ClInclude>
  </ItemGroup>
</Project>